// !$*UTF8*$!
{
	archiveVersion = 1;
	classes = {
	};
	objectVersion = 46;
	objects = {

/* Begin PBXBuildFile section */
		621473C21BB4262800CCFB1D /* main.m in Sources */ = {isa = PBXBuildFile; fileRef = 621473C11BB4262800CCFB1D /* main.m */; };
		621473C51BB4262800CCFB1D /* AppDelegate.m in Sources */ = {isa = PBXBuildFile; fileRef = 621473C41BB4262800CCFB1D /* AppDelegate.m */; };
		621473C81BB4262800CCFB1D /* ViewController.m in Sources */ = {isa = PBXBuildFile; fileRef = 621473C71BB4262800CCFB1D /* ViewController.m */; };
		621473CB1BB4262800CCFB1D /* Main.storyboard in Resources */ = {isa = PBXBuildFile; fileRef = 621473C91BB4262800CCFB1D /* Main.storyboard */; };
		621473CD1BB4262800CCFB1D /* Images.xcassets in Resources */ = {isa = PBXBuildFile; fileRef = 621473CC1BB4262800CCFB1D /* Images.xcassets */; };
		621473D01BB4262800CCFB1D /* LaunchScreen.xib in Resources */ = {isa = PBXBuildFile; fileRef = 621473CE1BB4262800CCFB1D /* LaunchScreen.xib */; };
		621473DC1BB4262800CCFB1D /* SizeClassDemoTests.m in Sources */ = {isa = PBXBuildFile; fileRef = 621473DB1BB4262800CCFB1D /* SizeClassDemoTests.m */; };
/* End PBXBuildFile section */

/* Begin PBXContainerItemProxy section */
		621473D61BB4262800CCFB1D /* PBXContainerItemProxy */ = {
			isa = PBXContainerItemProxy;
			containerPortal = 621473B41BB4262800CCFB1D /* Project object */;
			proxyType = 1;
			remoteGlobalIDString = 621473BB1BB4262800CCFB1D;
			remoteInfo = SizeClassDemo;
		};
/* End PBXContainerItemProxy section */

/* Begin PBXFileReference section */
		621473BC1BB4262800CCFB1D /* SizeClassDemo.app */ = {isa = PBXFileReference; explicitFileType = wrapper.application; includeInIndex = 0; path = SizeClassDemo.app; sourceTree = BUILT_PRODUCTS_DIR; };
		621473C01BB4262800CCFB1D /* Info.plist */ = {isa = PBXFileReference; lastKnownFileType = text.plist.xml; path = Info.plist; sourceTree = "<group>"; };
		621473C11BB4262800CCFB1D /* main.m */ = {isa = PBXFileReference; lastKnownFileType = sourcecode.c.objc; path = main.m; sourceTree = "<group>"; };
		621473C31BB4262800CCFB1D /* AppDelegate.h */ = {isa = PBXFileReference; lastKnownFileType = sourcecode.c.h; path = AppDelegate.h; sourceTree = "<group>"; };
		621473C41BB4262800CCFB1D /* AppDelegate.m */ = {isa = PBXFileReference; lastKnownFileType = sourcecode.c.objc; path = AppDelegate.m; sourceTree = "<group>"; };
		621473C61BB4262800CCFB1D /* ViewController.h */ = {isa = PBXFileReference; lastKnownFileType = sourcecode.c.h; path = ViewController.h; sourceTree = "<group>"; };
		621473C71BB4262800CCFB1D /* ViewController.m */ = {isa = PBXFileReference; lastKnownFileType = sourcecode.c.objc; path = ViewController.m; sourceTree = "<group>"; };
		621473CA1BB4262800CCFB1D /* Base */ = {isa = PBXFileReference; lastKnownFileType = file.storyboard; name = Base; path = Base.lproj/Main.storyboard; sourceTree = "<group>"; };
		621473CC1BB4262800CCFB1D /* Images.xcassets */ = {isa = PBXFileReference; lastKnownFileType = folder.assetcatalog; path = Images.xcassets; sourceTree = "<group>"; };
		621473CF1BB4262800CCFB1D /* Base */ = {isa = PBXFileReference; lastKnownFileType = file.xib; name = Base; path = Base.lproj/LaunchScreen.xib; sourceTree = "<group>"; };
		621473D51BB4262800CCFB1D /* SizeClassDemoTests.xctest */ = {isa = PBXFileReference; explicitFileType = wrapper.cfbundle; includeInIndex = 0; path = SizeClassDemoTests.xctest; sourceTree = BUILT_PRODUCTS_DIR; };
		621473DA1BB4262800CCFB1D /* Info.plist */ = {isa = PBXFileReference; lastKnownFileType = text.plist.xml; path = Info.plist; sourceTree = "<group>"; };
		621473DB1BB4262800CCFB1D /* SizeClassDemoTests.m */ = {isa = PBXFileReference; lastKnownFileType = sourcecode.c.objc; path = SizeClassDemoTests.m; sourceTree = "<group>"; };
/* End PBXFileReference section */

/* Begin PBXFrameworksBuildPhase section */
		621473B91BB4262800CCFB1D /* Frameworks */ = {
			isa = PBXFrameworksBuildPhase;
			buildActionMask = 2147483647;
			files = (
			);
			runOnlyForDeploymentPostprocessing = 0;
		};
		621473D21BB4262800CCFB1D /* Frameworks */ = {
			isa = PBXFrameworksBuildPhase;
			buildActionMask = 2147483647;
			files = (
			);
			runOnlyForDeploymentPostprocessing = 0;
		};
/* End PBXFrameworksBuildPhase section */

/* Begin PBXGroup section */
		621473B31BB4262800CCFB1D = {
			isa = PBXGroup;
			children = (
				621473BE1BB4262800CCFB1D /* SizeClassDemo */,
				621473D81BB4262800CCFB1D /* SizeClassDemoTests */,
				621473BD1BB4262800CCFB1D /* Products */,
			);
			sourceTree = "<group>";
		};
		621473BD1BB4262800CCFB1D /* Products */ = {
			isa = PBXGroup;
			children = (
				621473BC1BB4262800CCFB1D /* SizeClassDemo.app */,
				621473D51BB4262800CCFB1D /* SizeClassDemoTests.xctest */,
			);
			name = Products;
			sourceTree = "<group>";
		};
		621473BE1BB4262800CCFB1D /* SizeClassDemo */ = {
			isa = PBXGroup;
			children = (
				621473C31BB4262800CCFB1D /* AppDelegate.h */,
				621473C41BB4262800CCFB1D /* AppDelegate.m */,
				621473C61BB4262800CCFB1D /* ViewController.h */,
				621473C71BB4262800CCFB1D /* ViewController.m */,
				621473C91BB4262800CCFB1D /* Main.storyboard */,
				621473CC1BB4262800CCFB1D /* Images.xcassets */,
				621473CE1BB4262800CCFB1D /* LaunchScreen.xib */,
				621473BF1BB4262800CCFB1D /* Supporting Files */,
			);
			path = SizeClassDemo;
			sourceTree = "<group>";
		};
		621473BF1BB4262800CCFB1D /* Supporting Files */ = {
			isa = PBXGroup;
			children = (
				621473C01BB4262800CCFB1D /* Info.plist */,
				621473C11BB4262800CCFB1D /* main.m */,
			);
			name = "Supporting Files";
			sourceTree = "<group>";
		};
		621473D81BB4262800CCFB1D /* SizeClassDemoTests */ = {
			isa = PBXGroup;
			children = (
				621473DB1BB4262800CCFB1D /* SizeClassDemoTests.m */,
				621473D91BB4262800CCFB1D /* Supporting Files */,
			);
			path = SizeClassDemoTests;
			sourceTree = "<group>";
		};
		621473D91BB4262800CCFB1D /* Supporting Files */ = {
			isa = PBXGroup;
			children = (
				621473DA1BB4262800CCFB1D /* Info.plist */,
			);
			name = "Supporting Files";
			sourceTree = "<group>";
		};
/* End PBXGroup section */

/* Begin PBXNativeTarget section */
		621473BB1BB4262800CCFB1D /* SizeClassDemo */ = {
			isa = PBXNativeTarget;
			buildConfigurationList = 621473DF1BB4262800CCFB1D /* Build configuration list for PBXNativeTarget "SizeClassDemo" */;
			buildPhases = (
				621473B81BB4262800CCFB1D /* Sources */,
				621473B91BB4262800CCFB1D /* Frameworks */,
				621473BA1BB4262800CCFB1D /* Resources */,
			);
			buildRules = (
			);
			dependencies = (
			);
			name = SizeClassDemo;
			productName = SizeClassDemo;
			productReference = 621473BC1BB4262800CCFB1D /* SizeClassDemo.app */;
			productType = "com.apple.product-type.application";
		};
		621473D41BB4262800CCFB1D /* SizeClassDemoTests */ = {
			isa = PBXNativeTarget;
			buildConfigurationList = 621473E21BB4262800CCFB1D /* Build configuration list for PBXNativeTarget "SizeClassDemoTests" */;
			buildPhases = (
				621473D11BB4262800CCFB1D /* Sources */,
				621473D21BB4262800CCFB1D /* Frameworks */,
				621473D31BB4262800CCFB1D /* Resources */,
			);
			buildRules = (
			);
			dependencies = (
				621473D71BB4262800CCFB1D /* PBXTargetDependency */,
			);
			name = SizeClassDemoTests;
			productName = SizeClassDemoTests;
			productReference = 621473D51BB4262800CCFB1D /* SizeClassDemoTests.xctest */;
			productType = "com.apple.product-type.bundle.unit-test";
		};
/* End PBXNativeTarget section */

/* Begin PBXProject section */
		621473B41BB4262800CCFB1D /* Project object */ = {
			isa = PBXProject;
			attributes = {
				LastUpgradeCheck = 0640;
				ORGANIZATIONNAME = CatchZeng;
				TargetAttributes = {
					621473BB1BB4262800CCFB1D = {
						CreatedOnToolsVersion = 6.4;
					};
					621473D41BB4262800CCFB1D = {
						CreatedOnToolsVersion = 6.4;
						TestTargetID = 621473BB1BB4262800CCFB1D;
					};
				};
			};
			buildConfigurationList = 621473B71BB4262800CCFB1D /* Build configuration list for PBXProject "SizeClassDemo" */;
			compatibilityVersion = "Xcode 3.2";
			developmentRegion = English;
			hasScannedForEncodings = 0;
			knownRegions = (
				en,
				Base,
			);
			mainGroup = 621473B31BB4262800CCFB1D;
			productRefGroup = 621473BD1BB4262800CCFB1D /* Products */;
			projectDirPath = "";
			projectRoot = "";
			targets = (
				621473BB1BB4262800CCFB1D /* SizeClassDemo */,
				621473D41BB4262800CCFB1D /* SizeClassDemoTests */,
			);
		};
/* End PBXProject section */

/* Begin PBXResourcesBuildPhase section */
		621473BA1BB4262800CCFB1D /* Resources */ = {
			isa = PBXResourcesBuildPhase;
			buildActionMask = 2147483647;
			files = (
				621473CB1BB4262800CCFB1D /* Main.storyboard in Resources */,
				621473D01BB4262800CCFB1D /* LaunchScreen.xib in Resources */,
				621473CD1BB4262800CCFB1D /* Images.xcassets in Resources */,
			);
			runOnlyForDeploymentPostprocessing = 0;
		};
		621473D31BB4262800CCFB1D /* Resources */ = {
			isa = PBXResourcesBuildPhase;
			buildActionMask = 2147483647;
			files = (
			);
			runOnlyForDeploymentPostprocessing = 0;
		};
/* End PBXResourcesBuildPhase section */

/* Begin PBXSourcesBuildPhase section */
		621473B81BB4262800CCFB1D /* Sources */ = {
			isa = PBXSourcesBuildPhase;
			buildActionMask = 2147483647;
			files = (
				621473C81BB4262800CCFB1D /* ViewController.m in Sources */,
				621473C51BB4262800CCFB1D /* AppDelegate.m in Sources */,
				621473C21BB4262800CCFB1D /* main.m in Sources */,
			);
			runOnlyForDeploymentPostprocessing = 0;
		};
		621473D11BB4262800CCFB1D /* Sources */ = {
			isa = PBXSourcesBuildPhase;
			buildActionMask = 2147483647;
			files = (
				621473DC1BB4262800CCFB1D /* SizeClassDemoTests.m in Sources */,
			);
			runOnlyForDeploymentPostprocessing = 0;
		};
/* End PBXSourcesBuildPhase section */

/* Begin PBXTargetDependency section */
		621473D71BB4262800CCFB1D /* PBXTargetDependency */ = {
			isa = PBXTargetDependency;
			target = 621473BB1BB4262800CCFB1D /* SizeClassDemo */;
			targetProxy = 621473D61BB4262800CCFB1D /* PBXContainerItemProxy */;
		};
/* End PBXTargetDependency section */

/* Begin PBXVariantGroup section */
		621473C91BB4262800CCFB1D /* Main.storyboard */ = {
			isa = PBXVariantGroup;
			children = (
				621473CA1BB4262800CCFB1D /* Base */,
			);
			name = Main.storyboard;
			sourceTree = "<group>";
		};
		621473CE1BB4262800CCFB1D /* LaunchScreen.xib */ = {
			isa = PBXVariantGroup;
			children = (
				621473CF1BB4262800CCFB1D /* Base */,
			);
			name = LaunchScreen.xib;
			sourceTree = "<group>";
		};
/* End PBXVariantGroup section */

/* Begin XCBuildConfiguration section */
		621473DD1BB4262800CCFB1D /* Debug */ = {
			isa = XCBuildConfiguration;
			buildSettings = {
				ALWAYS_SEARCH_USER_PATHS = NO;
				CLANG_CXX_LANGUAGE_STANDARD = "gnu++0x";
				CLANG_CXX_LIBRARY = "libc++";
				CLANG_ENABLE_MODULES = YES;
				CLANG_ENABLE_OBJC_ARC = YES;
				CLANG_WARN_BOOL_CONVERSION = YES;
				CLANG_WARN_CONSTANT_CONVERSION = YES;
				CLANG_WARN_DIRECT_OBJC_ISA_USAGE = YES_ERROR;
				CLANG_WARN_EMPTY_BODY = YES;
				CLANG_WARN_ENUM_CONVERSION = YES;
				CLANG_WARN_INT_CONVERSION = YES;
				CLANG_WARN_OBJC_ROOT_CLASS = YES_ERROR;
				CLANG_WARN_UNREACHABLE_CODE = YES;
				CLANG_WARN__DUPLICATE_METHOD_MATCH = YES;
				"CODE_SIGN_IDENTITY[sdk=iphoneos*]" = "iPhone Developer";
				COPY_PHASE_STRIP = NO;
				DEBUG_INFORMATION_FORMAT = "dwarf-with-dsym";
				ENABLE_STRICT_OBJC_MSGSEND = YES;
				GCC_C_LANGUAGE_STANDARD = gnu99;
				GCC_DYNAMIC_NO_PIC = NO;
				GCC_NO_COMMON_BLOCKS = YES;
				GCC_OPTIMIZATION_LEVEL = 0;
				GCC_PREPROCESSOR_DEFINITIONS = (
					"DEBUG=1",
					"$(inherited)",
				);
				GCC_SYMBOLS_PRIVATE_EXTERN = NO;
				GCC_WARN_64_TO_32_BIT_CONVERSION = YES;
				GCC_WARN_ABOUT_RETURN_TYPE = YES_ERROR;
				GCC_WARN_UNDECLARED_SELECTOR = YES;
				GCC_WARN_UNINITIALIZED_AUTOS = YES_AGGRESSIVE;
				GCC_WARN_UNUSED_FUNCTION = YES;
				GCC_WARN_UNUSED_VARIABLE = YES;
				IPHONEOS_DEPLOYMENT_TARGET = 8.4;
				MTL_ENABLE_DEBUG_INFO = YES;
				ONLY_ACTIVE_ARCH = YES;
				SDKROOT = iphoneos;
				TARGETED_DEVICE_FAMILY = "1,2";
			};
			name = Debug;
		};
		621473DE1BB4262800CCFB1D /* Release */ = {
			isa = XCBuildConfiguration;
			buildSettings = {
				ALWAYS_SEARCH_USER_PATHS = NO;
				CLANG_CXX_LANGUAGE_STANDARD = "gnu++0x";
				CLANG_CXX_LIBRARY = "libc++";
				CLANG_ENABLE_MODULES = YES;
				CLANG_ENABLE_OBJC_ARC = YES;
				CLANG_WARN_BOOL_CONVERSION = YES;
				CLANG_WARN_CONSTANT_CONVERSION = YES;
				CLANG_WARN_DIRECT_OBJC_ISA_USAGE = YES_ERROR;
				CLANG_WARN_EMPTY_BODY = YES;
				CLANG_WARN_ENUM_CONVERSION = YES;
				CLANG_WARN_INT_CONVERSION = YES;
				CLANG_WARN_OBJC_ROOT_CLASS = YES_ERROR;
				CLANG_WARN_UNREACHABLE_CODE = YES;
				CLANG_WARN__DUPLICATE_METHOD_MATCH = YES;
				"CODE_SIGN_IDENTITY[sdk=iphoneos*]" = "iPhone Developer";
				COPY_PHASE_STRIP = NO;
				DEBUG_INFORMATION_FORMAT = "dwarf-with-dsym";
				ENABLE_NS_ASSERTIONS = NO;
				ENABLE_STRICT_OBJC_MSGSEND = YES;
				GCC_C_LANGUAGE_STANDARD = gnu99;
				GCC_NO_COMMON_BLOCKS = YES;
				GCC_WARN_64_TO_32_BIT_CONVERSION = YES;
				GCC_WARN_ABOUT_RETURN_TYPE = YES_ERROR;
				GCC_WARN_UNDECLARED_SELECTOR = YES;
				GCC_WARN_UNINITIALIZED_AUTOS = YES_AGGRESSIVE;
				GCC_WARN_UNUSED_FUNCTION = YES;
				GCC_WARN_UNUSED_VARIABLE = YES;
				IPHONEOS_DEPLOYMENT_TARGET = 8.4;
				MTL_ENABLE_DEBUG_INFO = NO;
				SDKROOT = iphoneos;
				TARGETED_DEVICE_FAMILY = "1,2";
				VALIDATE_PRODUCT = YES;
			};
			name = Release;
		};
		621473E01BB4262800CCFB1D /* Debug */ = {
			isa = XCBuildConfiguration;
			buildSettings = {
				ASSETCATALOG_COMPILER_APPICON_NAME = AppIcon;
				INFOPLIST_FILE = SizeClassDemo/Info.plist;
				LD_RUNPATH_SEARCH_PATHS = "$(inherited) @executable_path/Frameworks";
				PRODUCT_NAME = "$(TARGET_NAME)";
			};
			name = Debug;
		};
		621473E11BB4262800CCFB1D /* Release */ = {
			isa = XCBuildConfiguration;
			buildSettings = {
				ASSETCATALOG_COMPILER_APPICON_NAME = AppIcon;
				INFOPLIST_FILE = SizeClassDemo/Info.plist;
				LD_RUNPATH_SEARCH_PATHS = "$(inherited) @executable_path/Frameworks";
				PRODUCT_NAME = "$(TARGET_NAME)";
			};
			name = Release;
		};
		621473E31BB4262800CCFB1D /* Debug */ = {
			isa = XCBuildConfiguration;
			buildSettings = {
				BUNDLE_LOADER = "$(TEST_HOST)";
				FRAMEWORK_SEARCH_PATHS = (
					"$(SDKROOT)/Developer/Library/Frameworks",
					"$(inherited)",
				);
				GCC_PREPROCESSOR_DEFINITIONS = (
					"DEBUG=1",
					"$(inherited)",
				);
				INFOPLIST_FILE = SizeClassDemoTests/Info.plist;
				LD_RUNPATH_SEARCH_PATHS = "$(inherited) @executable_path/Frameworks @loader_path/Frameworks";
				PRODUCT_NAME = "$(TARGET_NAME)";
				TEST_HOST = "$(BUILT_PRODUCTS_DIR)/SizeClassDemo.app/SizeClassDemo";
			};
			name = Debug;
		};
		621473E41BB4262800CCFB1D /* Release */ = {
			isa = XCBuildConfiguration;
			buildSettings = {
				BUNDLE_LOADER = "$(TEST_HOST)";
				FRAMEWORK_SEARCH_PATHS = (
					"$(SDKROOT)/Developer/Library/Frameworks",
					"$(inherited)",
				);
				INFOPLIST_FILE = SizeClassDemoTests/Info.plist;
				LD_RUNPATH_SEARCH_PATHS = "$(inherited) @executable_path/Frameworks @loader_path/Frameworks";
				PRODUCT_NAME = "$(TARGET_NAME)";
				TEST_HOST = "$(BUILT_PRODUCTS_DIR)/SizeClassDemo.app/SizeClassDemo";
			};
			name = Release;
		};
/* End XCBuildConfiguration section */

/* Begin XCConfigurationList section */
		621473B71BB4262800CCFB1D /* Build configuration list for PBXProject "SizeClassDemo" */ = {
			isa = XCConfigurationList;
			buildConfigurations = (
				621473DD1BB4262800CCFB1D /* Debug */,
				621473DE1BB4262800CCFB1D /* Release */,
			);
			defaultConfigurationIsVisible = 0;
			defaultConfigurationName = Release;
		};
		621473DF1BB4262800CCFB1D /* Build configuration list for PBXNativeTarget "SizeClassDemo" */ = {
			isa = XCConfigurationList;
			buildConfigurations = (
				621473E01BB4262800CCFB1D /* Debug */,
				621473E11BB4262800CCFB1D /* Release */,
			);
			defaultConfigurationIsVisible = 0;
		};
		621473E21BB4262800CCFB1D /* Build configuration list for PBXNativeTarget "SizeClassDemoTests" */ = {
			isa = XCConfigurationList;
			buildConfigurations = (
				621473E31BB4262800CCFB1D /* Debug */,
				621473E41BB4262800CCFB1D /* Release */,
			);
			defaultConfigurationIsVisible = 0;
		};
/* End XCConfigurationList section */
	};
	rootObject = 621473B41BB4262800CCFB1D /* Project object */;
}
